{
  "version": 4,
  "terraform_version": "1.8.0",
  "serial": 13,
  "lineage": "2db99753-27d6-dca1-5c3d-2a8419230d5b",
  "outputs": {
    "remote_url": {
      "value": "https://github.com/Sundharabalaji-K-L/Terraform-Deep-Drive-application.git",
      "type": "string"
    }
  },
  "resources": [
    {
      "mode": "managed",
      "type": "github_branch",
      "name": "main",
      "provider": "provider[\"registry.terraform.io/integrations/github\"]",
      "instances": [
        {
          "schema_version": 0,
          "attributes": {
            "branch": "main",
            "etag": "W/\"81453158a66eba0a852aa2c3eec306dc728ef6f66eeeae0e5e61d8d14a78bd3a\"",
            "id": "Terraform-Deep-Drive-application:main",
            "ref": "refs/heads/main",
            "repository": "Terraform-Deep-Drive-application",
            "sha": "4336f3e1859c44553d67d68bacafe265af41cdfe",
            "source_branch": "main",
            "source_sha": "4336f3e1859c44553d67d68bacafe265af41cdfe"
          },
          "sensitive_attributes": [],
          "private": "bnVsbA==",
          "dependencies": [
            "github_repository.main"
          ]
        }
      ]
    },
    {
      "mode": "managed",
      "type": "github_branch_default",
      "name": "name",
      "provider": "provider[\"registry.terraform.io/integrations/github\"]",
      "instances": [
        {
          "schema_version": 0,
          "attributes": {
            "branch": "main",
            "etag": "W/\"b059ba2f574d5e10a9c6a59504db5c48fd2f9285d118cfffef5b78781b499061\"",
            "id": "Terraform-Deep-Drive-application",
            "rename": false,
            "repository": "Terraform-Deep-Drive-application"
          },
          "sensitive_attributes": [],
          "private": "bnVsbA==",
          "dependencies": [
            "github_branch.main",
            "github_repository.main"
          ]
        }
      ]
    },
    {
      "mode": "managed",
      "type": "github_repository",
      "name": "main",
      "provider": "provider[\"registry.terraform.io/integrations/github\"]",
      "instances": [
        {
          "schema_version": 1,
          "attributes": {
            "allow_auto_merge": false,
            "allow_merge_commit": true,
            "allow_rebase_merge": true,
            "allow_squash_merge": true,
            "allow_update_branch": false,
            "archive_on_destroy": null,
            "archived": false,
            "auto_init": true,
            "default_branch": "main",
            "delete_branch_on_merge": false,
            "description": "Creating repository with name Terraform-Deep]-Drive",
            "etag": "W/\"b059ba2f574d5e10a9c6a59504db5c48fd2f9285d118cfffef5b78781b499061\"",
            "full_name": "Sundharabalaji-K-L/Terraform-Deep-Drive-application",
            "git_clone_url": "git://github.com/Sundharabalaji-K-L/Terraform-Deep-Drive-application.git",
            "gitignore_template": null,
            "has_discussions": false,
            "has_downloads": false,
            "has_issues": false,
            "has_projects": false,
            "has_wiki": false,
            "homepage_url": "",
            "html_url": "https://github.com/Sundharabalaji-K-L/Terraform-Deep-Drive-application",
            "http_clone_url": "https://github.com/Sundharabalaji-K-L/Terraform-Deep-Drive-application.git",
            "id": "Terraform-Deep-Drive-application",
            "ignore_vulnerability_alerts_during_read": null,
            "is_template": false,
            "license_template": null,
            "merge_commit_message": "PR_TITLE",
            "merge_commit_title": "MERGE_MESSAGE",
            "name": "Terraform-Deep-Drive-application",
            "node_id": "R_kgDOMMNn8Q",
            "pages": [],
            "primary_language": "",
            "private": false,
            "repo_id": 818112497,
            "security_and_analysis": [
              {
                "advanced_security": [],
                "secret_scanning": [
                  {
                    "status": "enabled"
                  }
                ],
                "secret_scanning_push_protection": [
                  {
                    "status": "enabled"
                  }
                ]
              }
            ],
            "squash_merge_commit_message": "COMMIT_MESSAGES",
            "squash_merge_commit_title": "COMMIT_OR_PR_TITLE",
            "ssh_clone_url": "git@github.com:Sundharabalaji-K-L/Terraform-Deep-Drive-application.git",
            "svn_url": "https://github.com/Sundharabalaji-K-L/Terraform-Deep-Drive-application",
            "template": [],
            "topics": [],
            "visibility": "public",
            "vulnerability_alerts": false,
            "web_commit_signoff_required": false
          },
          "sensitive_attributes": [],
          "private": "eyJzY2hlbWFfdmVyc2lvbiI6IjEifQ=="
        }
      ]
    }
  ],
  "check_results": null
}
