{
  "version": 4,
  "terraform_version": "1.8.0",
  "serial": 17,
  "lineage": "2db99753-27d6-dca1-5c3d-2a8419230d5b",
  "outputs": {
    "remote_url": {
      "value": "https://github.com/Sundharabalaji-K-L/Terraform-Deep-Drive-network.git",
      "type": "string"
    }
  },
  "resources": [
    {
      "mode": "managed",
      "type": "github_branch",
      "name": "main",
      "provider": "provider[\"registry.terraform.io/integrations/github\"]",
      "instances": [
        {
          "schema_version": 0,
          "attributes": {
            "branch": "main",
            "etag": "W/\"cb752fac4e6df195d41ec490620db4308e3ae9fdd51e11db10b57f0e01d02495\"",
            "id": "Terraform-Deep-Drive-network:main",
            "ref": "refs/heads/main",
            "repository": "Terraform-Deep-Drive-network",
            "sha": "5f06e4c2a5b32931920f03c33b35f8af03b73be5",
            "source_branch": "main",
            "source_sha": "5f06e4c2a5b32931920f03c33b35f8af03b73be5"
          },
          "sensitive_attributes": [],
          "private": "bnVsbA==",
          "dependencies": [
            "github_repository.main"
          ]
        }
      ]
    },
    {
      "mode": "managed",
      "type": "github_branch_default",
      "name": "name",
      "provider": "provider[\"registry.terraform.io/integrations/github\"]",
      "instances": [
        {
          "schema_version": 0,
          "attributes": {
            "branch": "main",
            "etag": "W/\"ddda6948f3c9da49737233e162666d35949080d71ecb7849466e7774fecef2f6\"",
            "id": "Terraform-Deep-Drive-network",
            "rename": false,
            "repository": "Terraform-Deep-Drive-network"
          },
          "sensitive_attributes": [],
          "private": "bnVsbA==",
          "dependencies": [
            "github_branch.main",
            "github_repository.main"
          ]
        }
      ]
    },
    {
      "mode": "managed",
      "type": "github_repository",
      "name": "main",
      "provider": "provider[\"registry.terraform.io/integrations/github\"]",
      "instances": [
        {
          "schema_version": 1,
          "attributes": {
            "allow_auto_merge": false,
            "allow_merge_commit": true,
            "allow_rebase_merge": true,
            "allow_squash_merge": true,
            "allow_update_branch": false,
            "archive_on_destroy": null,
            "archived": false,
            "auto_init": true,
            "default_branch": "main",
            "delete_branch_on_merge": false,
            "description": "Creating repository with name Terraform-Deep]-Drive",
            "etag": "W/\"ddda6948f3c9da49737233e162666d35949080d71ecb7849466e7774fecef2f6\"",
            "full_name": "Sundharabalaji-K-L/Terraform-Deep-Drive-network",
            "git_clone_url": "git://github.com/Sundharabalaji-K-L/Terraform-Deep-Drive-network.git",
            "gitignore_template": null,
            "has_discussions": false,
            "has_downloads": false,
            "has_issues": false,
            "has_projects": false,
            "has_wiki": false,
            "homepage_url": "",
            "html_url": "https://github.com/Sundharabalaji-K-L/Terraform-Deep-Drive-network",
            "http_clone_url": "https://github.com/Sundharabalaji-K-L/Terraform-Deep-Drive-network.git",
            "id": "Terraform-Deep-Drive-network",
            "ignore_vulnerability_alerts_during_read": null,
            "is_template": false,
            "license_template": null,
            "merge_commit_message": "PR_TITLE",
            "merge_commit_title": "MERGE_MESSAGE",
            "name": "Terraform-Deep-Drive-network",
            "node_id": "R_kgDOMNDWYQ",
            "pages": [],
            "primary_language": "",
            "private": false,
            "repo_id": 818992737,
            "security_and_analysis": [
              {
                "advanced_security": [],
                "secret_scanning": [
                  {
                    "status": "enabled"
                  }
                ],
                "secret_scanning_push_protection": [
                  {
                    "status": "enabled"
                  }
                ]
              }
            ],
            "squash_merge_commit_message": "COMMIT_MESSAGES",
            "squash_merge_commit_title": "COMMIT_OR_PR_TITLE",
            "ssh_clone_url": "git@github.com:Sundharabalaji-K-L/Terraform-Deep-Drive-network.git",
            "svn_url": "https://github.com/Sundharabalaji-K-L/Terraform-Deep-Drive-network",
            "template": [],
            "topics": [],
            "visibility": "public",
            "vulnerability_alerts": false,
            "web_commit_signoff_required": false
          },
          "sensitive_attributes": [],
          "private": "eyJzY2hlbWFfdmVyc2lvbiI6IjEifQ=="
        }
      ]
    }
  ],
  "check_results": null
}
